
Microsoft Visual Studio Solution File, Format Version 12.00
# Visual Studio 15
VisualStudioVersion = 15.0.28010.2046
MinimumVisualStudioVersion = 10.0.40219.1
Project("{FAE04EC0-301F-11D3-BF4B-00C04F79EFBC}") = "SistemaUHD", "SistemaUHD\SistemaUHD.csproj", "{CC57A936-9FD4-4EF4-ADB9-AAC68594E68F}"
EndProject
Global
	GlobalSection(SolutionConfigurationPlatforms) = preSolution
		Debug|Any CPU = Debug|Any CPU
		Release|Any CPU = Release|Any CPU
	EndGlobalSection
	GlobalSection(ProjectConfigurationPlatforms) = postSolution
		{CC57A936-9FD4-4EF4-ADB9-AAC68594E68F}.Debug|Any CPU.ActiveCfg = Debug|Any CPU
		{CC57A936-9FD4-4EF4-ADB9-AAC68594E68F}.Debug|Any CPU.Build.0 = Debug|Any CPU
		{CC57A936-9FD4-4EF4-ADB9-AAC68594E68F}.Release|Any CPU.ActiveCfg = Release|Any CPU
		{CC57A936-9FD4-4EF4-ADB9-AAC68594E68F}.Release|Any CPU.Build.0 = Release|Any CPU
	EndGlobalSection
	GlobalSection(SolutionProperties) = preSolution
		HideSolutionNode = FALSE
	EndGlobalSection
	GlobalSection(ExtensibilityGlobals) = postSolution
		SolutionGuid = {8663D36B-A13A-4CD5-B1C6-3FA9B2464262}
	EndGlobalSection
EndGlobal
